
Microsoft Visual Studio Solution File, Format Version 12.00
# Visual Studio Version 16
VisualStudioVersion = 16.0.33214.272
MinimumVisualStudioVersion = 10.0.40219.1
Project("{FAE04EC0-301F-11D3-BF4B-00C04F79EFBC}") = "Mission04_ChristopherKearl", "Mission04_ChristopherKearl\Mission04_ChristopherKearl.csproj", "{CAC0C1EF-C598-4F46-877E-D877C02D8344}"
EndProject
Global
	GlobalSection(SolutionConfigurationPlatforms) = preSolution
		Debug|Any CPU = Debug|Any CPU
		Release|Any CPU = Release|Any CPU
	EndGlobalSection
	GlobalSection(ProjectConfigurationPlatforms) = postSolution
		{CAC0C1EF-C598-4F46-877E-D877C02D8344}.Debug|Any CPU.ActiveCfg = Debug|Any CPU
		{CAC0C1EF-C598-4F46-877E-D877C02D8344}.Debug|Any CPU.Build.0 = Debug|Any CPU
		{CAC0C1EF-C598-4F46-877E-D877C02D8344}.Release|Any CPU.ActiveCfg = Release|Any CPU
		{CAC0C1EF-C598-4F46-877E-D877C02D8344}.Release|Any CPU.Build.0 = Release|Any CPU
	EndGlobalSection
	GlobalSection(SolutionProperties) = preSolution
		HideSolutionNode = FALSE
	EndGlobalSection
	GlobalSection(ExtensibilityGlobals) = postSolution
		SolutionGuid = {0316E48D-1D2A-4627-9F17-8F92BB3B3807}
	EndGlobalSection
EndGlobal
